PODS:
  - MobAPI-For-iOS (1.0.7):
    - MOBFoundation
  - MOBFoundation (2.2.17)
  - ReactiveObjC (2.1.2)

DEPENDENCIES:
  - MobAPI-For-iOS (~> 1.0.7)
  - ReactiveObjC (~> 2.1.2)

SPEC CHECKSUMS:
  MobAPI-For-iOS: c8b2630fc6250a2cfdb4822c3b3cd8fb28300111
  MOBFoundation: fa12570bb16a7655dca3b3472ce6cd962e7ff5e3
  ReactiveObjC: 7b6782ae39f9ac0f57205c3b0c0b69b9dd7048c0

PODFILE CHECKSUM: c14c604c5f1ec597a3e141e952e401c29cc310ae

COCOAPODS: 1.2.0
